
Microsoft Visual Studio Solution File, Format Version 11.00
# Visual Studio 2010
Project("{2150E333-8FDC-42A3-9474-1A3956D46DE8}") = "Solution Items", "Solution Items", "{5B383280-FCC8-42EC-9FC0-E382393B25A8}"
	ProjectSection(SolutionItems) = preProject
		ComicSpider.vsmdi = ComicSpider.vsmdi
		Local.testsettings = Local.testsettings
		TraceAndTestImpact.testsettings = TraceAndTestImpact.testsettings
	EndProjectSection
EndProject
Project("{FAE04EC0-301F-11D3-BF4B-00C04F79EFBC}") = "ComicSpider", "ComicSpider\ComicSpider.csproj", "{6558692D-5BEE-494E-AD45-A2036EB80000}"
EndProject
Project("{FAE04EC0-301F-11D3-BF4B-00C04F79EFBC}") = "test", "test\test.csproj", "{7EF8046C-11E6-4DD1-92A6-9F0C031871C3}"
EndProject
Project("{FAE04EC0-301F-11D3-BF4B-00C04F79EFBC}") = "UnitTest", "UnitTest\UnitTest.csproj", "{EA9B8DF6-4DBC-4B2E-AB93-55001ECBC401}"
EndProject
Project("{FAE04EC0-301F-11D3-BF4B-00C04F79EFBC}") = "UI", "UI\UI.csproj", "{71EE2601-0267-4E8C-AC73-0766EAFA0D9C}"
EndProject
Global
	GlobalSection(TestCaseManagementSettings) = postSolution
		CategoryFile = ComicSpider.vsmdi
	EndGlobalSection
	GlobalSection(SolutionConfigurationPlatforms) = preSolution
		Debug|Any CPU = Debug|Any CPU
		Debug|Mixed Platforms = Debug|Mixed Platforms
		Debug|x86 = Debug|x86
		Release|Any CPU = Release|Any CPU
		Release|Mixed Platforms = Release|Mixed Platforms
		Release|x86 = Release|x86
	EndGlobalSection
	GlobalSection(ProjectConfigurationPlatforms) = postSolution
		{6558692D-5BEE-494E-AD45-A2036EB80000}.Debug|Any CPU.ActiveCfg = Debug|x86
		{6558692D-5BEE-494E-AD45-A2036EB80000}.Debug|Mixed Platforms.ActiveCfg = Debug|x86
		{6558692D-5BEE-494E-AD45-A2036EB80000}.Debug|Mixed Platforms.Build.0 = Debug|x86
		{6558692D-5BEE-494E-AD45-A2036EB80000}.Debug|x86.ActiveCfg = Debug|x86
		{6558692D-5BEE-494E-AD45-A2036EB80000}.Debug|x86.Build.0 = Debug|x86
		{6558692D-5BEE-494E-AD45-A2036EB80000}.Release|Any CPU.ActiveCfg = Release|x86
		{6558692D-5BEE-494E-AD45-A2036EB80000}.Release|Mixed Platforms.ActiveCfg = Release|x86
		{6558692D-5BEE-494E-AD45-A2036EB80000}.Release|Mixed Platforms.Build.0 = Release|x86
		{6558692D-5BEE-494E-AD45-A2036EB80000}.Release|x86.ActiveCfg = Release|x86
		{6558692D-5BEE-494E-AD45-A2036EB80000}.Release|x86.Build.0 = Release|x86
		{7EF8046C-11E6-4DD1-92A6-9F0C031871C3}.Debug|Any CPU.ActiveCfg = Debug|x86
		{7EF8046C-11E6-4DD1-92A6-9F0C031871C3}.Debug|Mixed Platforms.ActiveCfg = Debug|x86
		{7EF8046C-11E6-4DD1-92A6-9F0C031871C3}.Debug|Mixed Platforms.Build.0 = Debug|x86
		{7EF8046C-11E6-4DD1-92A6-9F0C031871C3}.Debug|x86.ActiveCfg = Debug|x86
		{7EF8046C-11E6-4DD1-92A6-9F0C031871C3}.Debug|x86.Build.0 = Debug|x86
		{7EF8046C-11E6-4DD1-92A6-9F0C031871C3}.Release|Any CPU.ActiveCfg = Release|x86
		{7EF8046C-11E6-4DD1-92A6-9F0C031871C3}.Release|Mixed Platforms.ActiveCfg = Release|x86
		{7EF8046C-11E6-4DD1-92A6-9F0C031871C3}.Release|Mixed Platforms.Build.0 = Release|x86
		{7EF8046C-11E6-4DD1-92A6-9F0C031871C3}.Release|x86.ActiveCfg = Release|x86
		{7EF8046C-11E6-4DD1-92A6-9F0C031871C3}.Release|x86.Build.0 = Release|x86
		{EA9B8DF6-4DBC-4B2E-AB93-55001ECBC401}.Debug|Any CPU.ActiveCfg = Debug|Any CPU
		{EA9B8DF6-4DBC-4B2E-AB93-55001ECBC401}.Debug|Any CPU.Build.0 = Debug|Any CPU
		{EA9B8DF6-4DBC-4B2E-AB93-55001ECBC401}.Debug|Mixed Platforms.ActiveCfg = Debug|Any CPU
		{EA9B8DF6-4DBC-4B2E-AB93-55001ECBC401}.Debug|Mixed Platforms.Build.0 = Debug|Any CPU
		{EA9B8DF6-4DBC-4B2E-AB93-55001ECBC401}.Debug|x86.ActiveCfg = Debug|Any CPU
		{EA9B8DF6-4DBC-4B2E-AB93-55001ECBC401}.Release|Any CPU.ActiveCfg = Release|Any CPU
		{EA9B8DF6-4DBC-4B2E-AB93-55001ECBC401}.Release|Any CPU.Build.0 = Release|Any CPU
		{EA9B8DF6-4DBC-4B2E-AB93-55001ECBC401}.Release|Mixed Platforms.ActiveCfg = Release|Any CPU
		{EA9B8DF6-4DBC-4B2E-AB93-55001ECBC401}.Release|Mixed Platforms.Build.0 = Release|Any CPU
		{EA9B8DF6-4DBC-4B2E-AB93-55001ECBC401}.Release|x86.ActiveCfg = Release|Any CPU
		{71EE2601-0267-4E8C-AC73-0766EAFA0D9C}.Debug|Any CPU.ActiveCfg = Debug|x86
		{71EE2601-0267-4E8C-AC73-0766EAFA0D9C}.Debug|Mixed Platforms.ActiveCfg = Debug|x86
		{71EE2601-0267-4E8C-AC73-0766EAFA0D9C}.Debug|Mixed Platforms.Build.0 = Debug|x86
		{71EE2601-0267-4E8C-AC73-0766EAFA0D9C}.Debug|x86.ActiveCfg = Debug|x86
		{71EE2601-0267-4E8C-AC73-0766EAFA0D9C}.Debug|x86.Build.0 = Debug|x86
		{71EE2601-0267-4E8C-AC73-0766EAFA0D9C}.Release|Any CPU.ActiveCfg = Release|x86
		{71EE2601-0267-4E8C-AC73-0766EAFA0D9C}.Release|Mixed Platforms.ActiveCfg = Release|x86
		{71EE2601-0267-4E8C-AC73-0766EAFA0D9C}.Release|Mixed Platforms.Build.0 = Release|x86
		{71EE2601-0267-4E8C-AC73-0766EAFA0D9C}.Release|x86.ActiveCfg = Release|x86
		{71EE2601-0267-4E8C-AC73-0766EAFA0D9C}.Release|x86.Build.0 = Release|x86
	EndGlobalSection
	GlobalSection(SolutionProperties) = preSolution
		HideSolutionNode = FALSE
	EndGlobalSection
EndGlobal
